// !$*UTF8*$!
{
	archiveVersion = 1;
	classes = {
	};
	objectVersion = 46;
	objects = {

/* Begin PBXBuildFile section */
		02516FB21C349792004BB520 /* orbit.cpp in Sources */ = {isa = PBXBuildFile; fileRef = 02516FB01C349792004BB520 /* orbit.cpp */; };
		02516FB41C349CEE004BB520 /* main.cpp in Sources */ = {isa = PBXBuildFile; fileRef = 02516FB31C349CEE004BB520 /* main.cpp */; };
		02E64F081C2E25C5006170DB /* rk4.cpp in Sources */ = {isa = PBXBuildFile; fileRef = 02E64F061C2E25C5006170DB /* rk4.cpp */; };
/* End PBXBuildFile section */

/* Begin PBXCopyFilesBuildPhase section */
		02E64EF81C2E2437006170DB /* CopyFiles */ = {
			isa = PBXCopyFilesBuildPhase;
			buildActionMask = 2147483647;
			dstPath = /usr/share/man/man1/;
			dstSubfolderSpec = 0;
			files = (
			);
			runOnlyForDeploymentPostprocessing = 1;
		};
/* End PBXCopyFilesBuildPhase section */

/* Begin PBXFileReference section */
		02194FCF1C3982050080C093 /* init.hpp */ = {isa = PBXFileReference; explicitFileType = sourcecode.cpp.h; path = init.hpp; sourceTree = "<group>"; };
		02516FB01C349792004BB520 /* orbit.cpp */ = {isa = PBXFileReference; fileEncoding = 4; lastKnownFileType = sourcecode.cpp.cpp; path = orbit.cpp; sourceTree = "<group>"; };
		02516FB11C349792004BB520 /* orbit.hpp */ = {isa = PBXFileReference; fileEncoding = 4; lastKnownFileType = sourcecode.cpp.h; path = orbit.hpp; sourceTree = "<group>"; };
		02516FB31C349CEE004BB520 /* main.cpp */ = {isa = PBXFileReference; fileEncoding = 4; lastKnownFileType = sourcecode.cpp.cpp; name = main.cpp; path = ../main.cpp; sourceTree = "<group>"; };
		02E64EFA1C2E2437006170DB /* XYZ */ = {isa = PBXFileReference; explicitFileType = "compiled.mach-o.executable"; includeInIndex = 0; path = XYZ; sourceTree = BUILT_PRODUCTS_DIR; };
		02E64F061C2E25C5006170DB /* rk4.cpp */ = {isa = PBXFileReference; explicitFileType = sourcecode.cpp.objcpp; fileEncoding = 4; name = rk4.cpp; path = ../../../Math/rk4.cpp; sourceTree = "<group>"; };
		02E64F071C2E25C5006170DB /* rk4.h */ = {isa = PBXFileReference; fileEncoding = 4; lastKnownFileType = sourcecode.c.h; name = rk4.h; path = ../../../Math/rk4.h; sourceTree = "<group>"; };
/* End PBXFileReference section */

/* Begin PBXFrameworksBuildPhase section */
		02E64EF71C2E2437006170DB /* Frameworks */ = {
			isa = PBXFrameworksBuildPhase;
			buildActionMask = 2147483647;
			files = (
			);
			runOnlyForDeploymentPostprocessing = 0;
		};
/* End PBXFrameworksBuildPhase section */

/* Begin PBXGroup section */
		02E64EF11C2E2437006170DB = {
			isa = PBXGroup;
			children = (
				02E64EFC1C2E2437006170DB /* XYZ */,
				02E64EFB1C2E2437006170DB /* Products */,
			);
			sourceTree = "<group>";
		};
		02E64EFB1C2E2437006170DB /* Products */ = {
			isa = PBXGroup;
			children = (
				02E64EFA1C2E2437006170DB /* XYZ */,
			);
			name = Products;
			sourceTree = "<group>";
		};
		02E64EFC1C2E2437006170DB /* XYZ */ = {
			isa = PBXGroup;
			children = (
				02516FB31C349CEE004BB520 /* main.cpp */,
				02194FCF1C3982050080C093 /* init.hpp */,
				02E64F061C2E25C5006170DB /* rk4.cpp */,
				02516FB01C349792004BB520 /* orbit.cpp */,
				02516FB11C349792004BB520 /* orbit.hpp */,
				02E64F071C2E25C5006170DB /* rk4.h */,
			);
			path = XYZ;
			sourceTree = "<group>";
		};
/* End PBXGroup section */

/* Begin PBXNativeTarget section */
		02E64EF91C2E2437006170DB /* XYZ */ = {
			isa = PBXNativeTarget;
			buildConfigurationList = 02E64F011C2E2437006170DB /* Build configuration list for PBXNativeTarget "XYZ" */;
			buildPhases = (
				02E64EF61C2E2437006170DB /* Sources */,
				02E64EF71C2E2437006170DB /* Frameworks */,
				02E64EF81C2E2437006170DB /* CopyFiles */,
			);
			buildRules = (
			);
			dependencies = (
			);
			name = XYZ;
			productName = XYZ;
			productReference = 02E64EFA1C2E2437006170DB /* XYZ */;
			productType = "com.apple.product-type.tool";
		};
/* End PBXNativeTarget section */

/* Begin PBXProject section */
		02E64EF21C2E2437006170DB /* Project object */ = {
			isa = PBXProject;
			attributes = {
				LastUpgradeCheck = 0720;
				ORGANIZATIONNAME = tobin;
				TargetAttributes = {
					02E64EF91C2E2437006170DB = {
						CreatedOnToolsVersion = 7.2;
					};
				};
			};
			buildConfigurationList = 02E64EF51C2E2437006170DB /* Build configuration list for PBXProject "XYZ" */;
			compatibilityVersion = "Xcode 3.2";
			developmentRegion = English;
			hasScannedForEncodings = 0;
			knownRegions = (
				en,
			);
			mainGroup = 02E64EF11C2E2437006170DB;
			productRefGroup = 02E64EFB1C2E2437006170DB /* Products */;
			projectDirPath = "";
			projectRoot = "";
			targets = (
				02E64EF91C2E2437006170DB /* XYZ */,
			);
		};
/* End PBXProject section */

/* Begin PBXSourcesBuildPhase section */
		02E64EF61C2E2437006170DB /* Sources */ = {
			isa = PBXSourcesBuildPhase;
			buildActionMask = 2147483647;
			files = (
				02E64F081C2E25C5006170DB /* rk4.cpp in Sources */,
				02516FB21C349792004BB520 /* orbit.cpp in Sources */,
				02516FB41C349CEE004BB520 /* main.cpp in Sources */,
			);
			runOnlyForDeploymentPostprocessing = 0;
		};
/* End PBXSourcesBuildPhase section */

/* Begin XCBuildConfiguration section */
		02E64EFF1C2E2437006170DB /* Debug */ = {
			isa = XCBuildConfiguration;
			buildSettings = {
				ALWAYS_SEARCH_USER_PATHS = NO;
				CLANG_CXX_LANGUAGE_STANDARD = "gnu++0x";
				CLANG_CXX_LIBRARY = "libc++";
				CLANG_ENABLE_MODULES = YES;
				CLANG_ENABLE_OBJC_ARC = YES;
				CLANG_WARN_BOOL_CONVERSION = YES;
				CLANG_WARN_CONSTANT_CONVERSION = YES;
				CLANG_WARN_DIRECT_OBJC_ISA_USAGE = YES_ERROR;
				CLANG_WARN_EMPTY_BODY = YES;
				CLANG_WARN_ENUM_CONVERSION = YES;
				CLANG_WARN_INT_CONVERSION = YES;
				CLANG_WARN_OBJC_ROOT_CLASS = YES_ERROR;
				CLANG_WARN_UNREACHABLE_CODE = YES;
				CLANG_WARN__DUPLICATE_METHOD_MATCH = YES;
				CODE_SIGN_IDENTITY = "-";
				COPY_PHASE_STRIP = NO;
				DEBUG_INFORMATION_FORMAT = dwarf;
				ENABLE_STRICT_OBJC_MSGSEND = YES;
				ENABLE_TESTABILITY = YES;
				GCC_C_LANGUAGE_STANDARD = gnu99;
				GCC_DYNAMIC_NO_PIC = NO;
				GCC_NO_COMMON_BLOCKS = YES;
				GCC_OPTIMIZATION_LEVEL = 0;
				GCC_PREPROCESSOR_DEFINITIONS = (
					"DEBUG=1",
					"$(inherited)",
				);
				GCC_WARN_64_TO_32_BIT_CONVERSION = YES;
				GCC_WARN_ABOUT_RETURN_TYPE = YES_ERROR;
				GCC_WARN_UNDECLARED_SELECTOR = YES;
				GCC_WARN_UNINITIALIZED_AUTOS = YES_AGGRESSIVE;
				GCC_WARN_UNUSED_FUNCTION = YES;
				GCC_WARN_UNUSED_VARIABLE = YES;
				MACOSX_DEPLOYMENT_TARGET = 10.11;
				MTL_ENABLE_DEBUG_INFO = YES;
				ONLY_ACTIVE_ARCH = YES;
				SDKROOT = macosx;
			};
			name = Debug;
		};
		02E64F001C2E2437006170DB /* Release */ = {
			isa = XCBuildConfiguration;
			buildSettings = {
				ALWAYS_SEARCH_USER_PATHS = NO;
				CLANG_CXX_LANGUAGE_STANDARD = "gnu++0x";
				CLANG_CXX_LIBRARY = "libc++";
				CLANG_ENABLE_MODULES = YES;
				CLANG_ENABLE_OBJC_ARC = YES;
				CLANG_WARN_BOOL_CONVERSION = YES;
				CLANG_WARN_CONSTANT_CONVERSION = YES;
				CLANG_WARN_DIRECT_OBJC_ISA_USAGE = YES_ERROR;
				CLANG_WARN_EMPTY_BODY = YES;
				CLANG_WARN_ENUM_CONVERSION = YES;
				CLANG_WARN_INT_CONVERSION = YES;
				CLANG_WARN_OBJC_ROOT_CLASS = YES_ERROR;
				CLANG_WARN_UNREACHABLE_CODE = YES;
				CLANG_WARN__DUPLICATE_METHOD_MATCH = YES;
				CODE_SIGN_IDENTITY = "-";
				COPY_PHASE_STRIP = NO;
				DEBUG_INFORMATION_FORMAT = "dwarf-with-dsym";
				ENABLE_NS_ASSERTIONS = NO;
				ENABLE_STRICT_OBJC_MSGSEND = YES;
				GCC_C_LANGUAGE_STANDARD = gnu99;
				GCC_NO_COMMON_BLOCKS = YES;
				GCC_WARN_64_TO_32_BIT_CONVERSION = YES;
				GCC_WARN_ABOUT_RETURN_TYPE = YES_ERROR;
				GCC_WARN_UNDECLARED_SELECTOR = YES;
				GCC_WARN_UNINITIALIZED_AUTOS = YES_AGGRESSIVE;
				GCC_WARN_UNUSED_FUNCTION = YES;
				GCC_WARN_UNUSED_VARIABLE = YES;
				MACOSX_DEPLOYMENT_TARGET = 10.11;
				MTL_ENABLE_DEBUG_INFO = NO;
				SDKROOT = macosx;
			};
			name = Release;
		};
		02E64F021C2E2437006170DB /* Debug */ = {
			isa = XCBuildConfiguration;
			buildSettings = {
				"HEADER_SEARCH_PATHS[arch=*]" = /usr/local/Cellar/eigen/3.2.6/include/eigen3;
				PRODUCT_NAME = "$(TARGET_NAME)";
			};
			name = Debug;
		};
		02E64F031C2E2437006170DB /* Release */ = {
			isa = XCBuildConfiguration;
			buildSettings = {
				HEADER_SEARCH_PATHS = /usr/local/Cellar/eigen/3.2.6/include/eigen3;
				PRODUCT_NAME = "$(TARGET_NAME)";
			};
			name = Release;
		};
/* End XCBuildConfiguration section */

/* Begin XCConfigurationList section */
		02E64EF51C2E2437006170DB /* Build configuration list for PBXProject "XYZ" */ = {
			isa = XCConfigurationList;
			buildConfigurations = (
				02E64EFF1C2E2437006170DB /* Debug */,
				02E64F001C2E2437006170DB /* Release */,
			);
			defaultConfigurationIsVisible = 0;
			defaultConfigurationName = Release;
		};
		02E64F011C2E2437006170DB /* Build configuration list for PBXNativeTarget "XYZ" */ = {
			isa = XCConfigurationList;
			buildConfigurations = (
				02E64F021C2E2437006170DB /* Debug */,
				02E64F031C2E2437006170DB /* Release */,
			);
			defaultConfigurationIsVisible = 0;
			defaultConfigurationName = Release;
		};
/* End XCConfigurationList section */
	};
	rootObject = 02E64EF21C2E2437006170DB /* Project object */;
}
